
Microsoft Visual Studio Solution File, Format Version 12.00
# Visual Studio Version 17
VisualStudioVersion = 17.9.34622.214
MinimumVisualStudioVersion = 10.0.40219.1
Project("{FAE04EC0-301F-11D3-BF4B-00C04F79EFBC}") = "Warframe Progress Tracker", "Warframe Progress Tracker\Warframe Progress Tracker.csproj", "{ED5C0A20-72BF-4F03-9884-60DFBDADD62B}"
EndProject
Project("{FAE04EC0-301F-11D3-BF4B-00C04F79EFBC}") = "Warframe.Tracker.Filters", "Warframe.Tracker.Filters\Warframe.Tracker.Filters.csproj", "{82F7F4D5-E9A4-4F5C-A49C-DADBB38149E2}"
EndProject
Project("{FAE04EC0-301F-11D3-BF4B-00C04F79EFBC}") = "Warframe.Tracker.MasteryRank", "Warframe.Tracker.MasteryRank\Warframe.Tracker.MasteryRank.csproj", "{22121AED-AC9A-410E-BFB9-5F313BD1A999}"
EndProject
Project("{FAE04EC0-301F-11D3-BF4B-00C04F79EFBC}") = "ReportWorker", "ReportGenerator\ReportWorker\ReportWorker.csproj", "{97929B22-4C03-57CE-F14E-9B9F990338E4}"
EndProject
Project("{FAE04EC0-301F-11D3-BF4B-00C04F79EFBC}") = "CodexSnapshotPlugin", "CodexSnapshotPlugin\CodexSnapshotPlugin.csproj", "{32849679-A7E0-49A6-BAD0-CC7B388D67F9}"
EndProject
Global
	GlobalSection(SolutionConfigurationPlatforms) = preSolution
		Debug|Any CPU = Debug|Any CPU
		Release|Any CPU = Release|Any CPU
	EndGlobalSection
	GlobalSection(ProjectConfigurationPlatforms) = postSolution
		{ED5C0A20-72BF-4F03-9884-60DFBDADD62B}.Debug|Any CPU.ActiveCfg = Debug|Any CPU
		{ED5C0A20-72BF-4F03-9884-60DFBDADD62B}.Debug|Any CPU.Build.0 = Debug|Any CPU
		{ED5C0A20-72BF-4F03-9884-60DFBDADD62B}.Release|Any CPU.ActiveCfg = Release|Any CPU
		{ED5C0A20-72BF-4F03-9884-60DFBDADD62B}.Release|Any CPU.Build.0 = Release|Any CPU
		{82F7F4D5-E9A4-4F5C-A49C-DADBB38149E2}.Debug|Any CPU.ActiveCfg = Debug|Any CPU
		{82F7F4D5-E9A4-4F5C-A49C-DADBB38149E2}.Debug|Any CPU.Build.0 = Debug|Any CPU
		{82F7F4D5-E9A4-4F5C-A49C-DADBB38149E2}.Release|Any CPU.ActiveCfg = Release|Any CPU
		{82F7F4D5-E9A4-4F5C-A49C-DADBB38149E2}.Release|Any CPU.Build.0 = Release|Any CPU
		{22121AED-AC9A-410E-BFB9-5F313BD1A999}.Debug|Any CPU.ActiveCfg = Debug|Any CPU
		{22121AED-AC9A-410E-BFB9-5F313BD1A999}.Debug|Any CPU.Build.0 = Debug|Any CPU
		{22121AED-AC9A-410E-BFB9-5F313BD1A999}.Release|Any CPU.ActiveCfg = Release|Any CPU
		{22121AED-AC9A-410E-BFB9-5F313BD1A999}.Release|Any CPU.Build.0 = Release|Any CPU
		{97929B22-4C03-57CE-F14E-9B9F990338E4}.Debug|Any CPU.ActiveCfg = Debug|Any CPU
		{97929B22-4C03-57CE-F14E-9B9F990338E4}.Debug|Any CPU.Build.0 = Debug|Any CPU
		{97929B22-4C03-57CE-F14E-9B9F990338E4}.Release|Any CPU.ActiveCfg = Release|Any CPU
		{97929B22-4C03-57CE-F14E-9B9F990338E4}.Release|Any CPU.Build.0 = Release|Any CPU
		{32849679-A7E0-49A6-BAD0-CC7B388D67F9}.Debug|Any CPU.ActiveCfg = Debug|Any CPU
		{32849679-A7E0-49A6-BAD0-CC7B388D67F9}.Debug|Any CPU.Build.0 = Debug|Any CPU
		{32849679-A7E0-49A6-BAD0-CC7B388D67F9}.Release|Any CPU.ActiveCfg = Release|Any CPU
		{32849679-A7E0-49A6-BAD0-CC7B388D67F9}.Release|Any CPU.Build.0 = Release|Any CPU
	EndGlobalSection
	GlobalSection(SolutionProperties) = preSolution
		HideSolutionNode = FALSE
	EndGlobalSection
	GlobalSection(ExtensibilityGlobals) = postSolution
		SolutionGuid = {3AFD8EFB-B5B5-4990-AE24-15C787EE4B49}
	EndGlobalSection
EndGlobal
